
Microsoft Visual Studio Solution File, Format Version 11.00
# Visual Studio 2010
Project("{911E67C6-3D85-4FCE-B560-20A9C3E3FF48}") = "Scut_Helper_Server", "Scut_Helper_Server.exe", "{D6B90C8F-9985-4D36-851F-534A4D2338BD}"
	ProjectSection(DebuggerProjectSystem) = preProject
		PortSupplier = 00000000-0000-0000-0000-000000000000
		Executable = D:\Users\马一宁\Desktop\大作业bak\Scut_helper_Server\Debug\Scut_Helper_Server.exe
		RemoteMachine = DESKTOP-AQ4939M
		StartingDirectory = D:\Users\马一宁\Desktop\大作业bak\Scut_helper_Server\Debug
		Environment = 默认值
		LaunchingEngine = 00000000-0000-0000-0000-000000000000
		LaunchSQLEngine = No
		AttachLaunchAction = No
	EndProjectSection
EndProject
Global
	GlobalSection(SolutionConfigurationPlatforms) = preSolution
		Debug|x86 = Debug|x86
	EndGlobalSection
	GlobalSection(ProjectConfigurationPlatforms) = postSolution
		{D6B90C8F-9985-4D36-851F-534A4D2338BD}.Debug|x86.ActiveCfg = Debug|x86
	EndGlobalSection
	GlobalSection(SolutionProperties) = preSolution
		HideSolutionNode = FALSE
	EndGlobalSection
EndGlobal
